
Microsoft Visual Studio Solution File, Format Version 12.00
# Visual Studio Version 17
VisualStudioVersion = 17.4.33213.308
MinimumVisualStudioVersion = 10.0.40219.1
Project("{FAE04EC0-301F-11D3-BF4B-00C04F79EFBC}") = "GroupProject", "GroupProject\GroupProject.csproj", "{F58A0655-5479-4810-9D81-DA90DE97833D}"
EndProject
Global
	GlobalSection(SolutionConfigurationPlatforms) = preSolution
		Debug|Any CPU = Debug|Any CPU
		Release|Any CPU = Release|Any CPU
	EndGlobalSection
	GlobalSection(ProjectConfigurationPlatforms) = postSolution
		{F58A0655-5479-4810-9D81-DA90DE97833D}.Debug|Any CPU.ActiveCfg = Debug|Any CPU
		{F58A0655-5479-4810-9D81-DA90DE97833D}.Debug|Any CPU.Build.0 = Debug|Any CPU
		{F58A0655-5479-4810-9D81-DA90DE97833D}.Release|Any CPU.ActiveCfg = Release|Any CPU
		{F58A0655-5479-4810-9D81-DA90DE97833D}.Release|Any CPU.Build.0 = Release|Any CPU
	EndGlobalSection
	GlobalSection(SolutionProperties) = preSolution
		HideSolutionNode = FALSE
	EndGlobalSection
	GlobalSection(ExtensibilityGlobals) = postSolution
		SolutionGuid = {63D844A8-CEE0-4524-BE0D-55FB18E67954}
	EndGlobalSection
EndGlobal
